
Microsoft Visual Studio Solution File, Format Version 12.00
# Visual Studio Version 17
VisualStudioVersion = 17.0.31903.59
MinimumVisualStudioVersion = 10.0.40219.1
Project("{FAE04EC0-301F-11D3-BF4B-00C04F79EFBC}") = "AssistantPoc.ConsoleApp", "AssistantPoc.ConsoleApp\AssistantPoc.ConsoleApp.csproj", "{18EF247E-EDD5-4121-ADFE-B873A167EB9E}"
EndProject
Project("{FAE04EC0-301F-11D3-BF4B-00C04F79EFBC}") = "AssistantPoc.Core", "AssistantPoc.Core\AssistantPoc.Core.csproj", "{DF447B1A-2C63-4438-920D-7F86AD2F0F4D}"
EndProject
Project("{FAE04EC0-301F-11D3-BF4B-00C04F79EFBC}") = "AssistantPoc.WebApi", "AssistantPoc.WebApi\AssistantPoc.WebApi.csproj", "{60EF3332-7848-4532-BB9A-4DDD9E3CB6D2}"
EndProject
Global
	GlobalSection(SolutionConfigurationPlatforms) = preSolution
		Debug|Any CPU = Debug|Any CPU
		Release|Any CPU = Release|Any CPU
	EndGlobalSection
	GlobalSection(SolutionProperties) = preSolution
		HideSolutionNode = FALSE
	EndGlobalSection
	GlobalSection(ProjectConfigurationPlatforms) = postSolution
		{18EF247E-EDD5-4121-ADFE-B873A167EB9E}.Debug|Any CPU.ActiveCfg = Debug|Any CPU
		{18EF247E-EDD5-4121-ADFE-B873A167EB9E}.Debug|Any CPU.Build.0 = Debug|Any CPU
		{18EF247E-EDD5-4121-ADFE-B873A167EB9E}.Release|Any CPU.ActiveCfg = Release|Any CPU
		{18EF247E-EDD5-4121-ADFE-B873A167EB9E}.Release|Any CPU.Build.0 = Release|Any CPU
		{DF447B1A-2C63-4438-920D-7F86AD2F0F4D}.Debug|Any CPU.ActiveCfg = Debug|Any CPU
		{DF447B1A-2C63-4438-920D-7F86AD2F0F4D}.Debug|Any CPU.Build.0 = Debug|Any CPU
		{DF447B1A-2C63-4438-920D-7F86AD2F0F4D}.Release|Any CPU.ActiveCfg = Release|Any CPU
		{DF447B1A-2C63-4438-920D-7F86AD2F0F4D}.Release|Any CPU.Build.0 = Release|Any CPU
		{60EF3332-7848-4532-BB9A-4DDD9E3CB6D2}.Debug|Any CPU.ActiveCfg = Debug|Any CPU
		{60EF3332-7848-4532-BB9A-4DDD9E3CB6D2}.Debug|Any CPU.Build.0 = Debug|Any CPU
		{60EF3332-7848-4532-BB9A-4DDD9E3CB6D2}.Release|Any CPU.ActiveCfg = Release|Any CPU
		{60EF3332-7848-4532-BB9A-4DDD9E3CB6D2}.Release|Any CPU.Build.0 = Release|Any CPU
	EndGlobalSection
EndGlobal
